
Microsoft Visual Studio Solution File, Format Version 12.00
# Visual Studio Version 17
VisualStudioVersion = 17.8.34511.84
MinimumVisualStudioVersion = 10.0.40219.1
Project("{FAE04EC0-301F-11D3-BF4B-00C04F79EFBC}") = "Lesson2", "Lesson2\Lesson2.csproj", "{7366B9DE-59E9-4710-AFBF-FDC95BAFB0AD}"
EndProject
Global
	GlobalSection(SolutionConfigurationPlatforms) = preSolution
		Debug|Any CPU = Debug|Any CPU
		Release|Any CPU = Release|Any CPU
	EndGlobalSection
	GlobalSection(ProjectConfigurationPlatforms) = postSolution
		{7366B9DE-59E9-4710-AFBF-FDC95BAFB0AD}.Debug|Any CPU.ActiveCfg = Debug|Any CPU
		{7366B9DE-59E9-4710-AFBF-FDC95BAFB0AD}.Debug|Any CPU.Build.0 = Debug|Any CPU
		{7366B9DE-59E9-4710-AFBF-FDC95BAFB0AD}.Release|Any CPU.ActiveCfg = Release|Any CPU
		{7366B9DE-59E9-4710-AFBF-FDC95BAFB0AD}.Release|Any CPU.Build.0 = Release|Any CPU
	EndGlobalSection
	GlobalSection(SolutionProperties) = preSolution
		HideSolutionNode = FALSE
	EndGlobalSection
	GlobalSection(ExtensibilityGlobals) = postSolution
		SolutionGuid = {D4E6B726-CA0A-4A47-A801-A577DB082DA4}
	EndGlobalSection
EndGlobal
