
Microsoft Visual Studio Solution File, Format Version 12.00
# Visual Studio Version 17
VisualStudioVersion = 17.8.34511.84
MinimumVisualStudioVersion = 10.0.40219.1
Project("{FAE04EC0-301F-11D3-BF4B-00C04F79EFBC}") = "Lesson6", "Lesson6\Lesson6.csproj", "{58AE8755-2643-4053-AAEF-F9010C9739AB}"
EndProject
Global
	GlobalSection(SolutionConfigurationPlatforms) = preSolution
		Debug|Any CPU = Debug|Any CPU
		Release|Any CPU = Release|Any CPU
	EndGlobalSection
	GlobalSection(ProjectConfigurationPlatforms) = postSolution
		{58AE8755-2643-4053-AAEF-F9010C9739AB}.Debug|Any CPU.ActiveCfg = Debug|Any CPU
		{58AE8755-2643-4053-AAEF-F9010C9739AB}.Debug|Any CPU.Build.0 = Debug|Any CPU
		{58AE8755-2643-4053-AAEF-F9010C9739AB}.Release|Any CPU.ActiveCfg = Release|Any CPU
		{58AE8755-2643-4053-AAEF-F9010C9739AB}.Release|Any CPU.Build.0 = Release|Any CPU
	EndGlobalSection
	GlobalSection(SolutionProperties) = preSolution
		HideSolutionNode = FALSE
	EndGlobalSection
	GlobalSection(ExtensibilityGlobals) = postSolution
		SolutionGuid = {679A3CA8-D952-4272-B872-217FCE116790}
	EndGlobalSection
EndGlobal
